PODS:
  - boost (1.76.0)
  - CocoaAsyncSocket (7.6.5)
  - DoubleConversion (1.1.6)
  - FBLazyVector (0.69.12)
  - FBReactNativeSpec (0.69.12):
    - RCT-Folly (= 2021.06.28.00-v2)
    - RCTRequired (= 0.69.12)
    - RCTTypeSafety (= 0.69.12)
    - React-Core (= 0.69.12)
    - React-jsi (= 0.69.12)
    - ReactCommon/turbomodule/core (= 0.69.12)
  - Firebase/CoreOnly (8.15.0):
    - FirebaseCore (= 8.15.0)
  - Firebase/Messaging (8.15.0):
    - Firebase/CoreOnly
    - FirebaseMessaging (~> 8.15.0)
  - FirebaseCore (8.15.0):
    - FirebaseCoreDiagnostics (~> 8.0)
    - GoogleUtilities/Environment (~> 7.7)
    - GoogleUtilities/Logger (~> 7.7)
  - FirebaseCoreDiagnostics (8.15.0):
    - GoogleDataTransport (~> 9.1)
    - GoogleUtilities/Environment (~> 7.7)
    - GoogleUtilities/Logger (~> 7.7)
    - nanopb (~> 2.30908.0)
  - FirebaseInstallations (8.15.0):
    - FirebaseCore (~> 8.0)
    - GoogleUtilities/Environment (~> 7.7)
    - GoogleUtilities/UserDefaults (~> 7.7)
    - PromisesObjC (< 3.0, >= 1.2)
  - FirebaseMessaging (8.15.0):
    - FirebaseCore (~> 8.0)
    - FirebaseInstallations (~> 8.0)
    - GoogleDataTransport (~> 9.1)
    - GoogleUtilities/AppDelegateSwizzler (~> 7.7)
    - GoogleUtilities/Environment (~> 7.7)
    - GoogleUtilities/Reachability (~> 7.7)
    - GoogleUtilities/UserDefaults (~> 7.7)
    - nanopb (~> 2.30908.0)
  - Flipper (0.125.0):
    - Flipper-Folly (~> 2.6)
    - Flipper-RSocket (~> 1.4)
  - Flipper-Boost-iOSX (1.76.0.1.11)
  - Flipper-DoubleConversion (3.2.0.1)
  - Flipper-Fmt (7.1.7)
  - Flipper-Folly (2.6.10):
    - Flipper-Boost-iOSX
    - Flipper-DoubleConversion
    - Flipper-Fmt (= 7.1.7)
    - Flipper-Glog
    - libevent (~> 2.1.12)
    - OpenSSL-Universal (= 1.1.1100)
  - Flipper-Glog (0.5.0.5)
  - Flipper-PeerTalk (0.0.4)
  - Flipper-RSocket (1.4.3):
    - Flipper-Folly (~> 2.6)
  - FlipperKit (0.125.0):
    - FlipperKit/Core (= 0.125.0)
  - FlipperKit/Core (0.125.0):
    - Flipper (~> 0.125.0)
    - FlipperKit/CppBridge
    - FlipperKit/FBCxxFollyDynamicConvert
    - FlipperKit/FBDefines
    - FlipperKit/FKPortForwarding
    - SocketRocket (~> 0.6.0)
  - FlipperKit/CppBridge (0.125.0):
    - Flipper (~> 0.125.0)
  - FlipperKit/FBCxxFollyDynamicConvert (0.125.0):
    - Flipper-Folly (~> 2.6)
  - FlipperKit/FBDefines (0.125.0)
  - FlipperKit/FKPortForwarding (0.125.0):
    - CocoaAsyncSocket (~> 7.6)
    - Flipper-PeerTalk (~> 0.0.4)
  - FlipperKit/FlipperKitHighlightOverlay (0.125.0)
  - FlipperKit/FlipperKitLayoutHelpers (0.125.0):
    - FlipperKit/Core
    - FlipperKit/FlipperKitHighlightOverlay
    - FlipperKit/FlipperKitLayoutTextSearchable
  - FlipperKit/FlipperKitLayoutIOSDescriptors (0.125.0):
    - FlipperKit/Core
    - FlipperKit/FlipperKitHighlightOverlay
    - FlipperKit/FlipperKitLayoutHelpers
    - YogaKit (~> 1.18)
  - FlipperKit/FlipperKitLayoutPlugin (0.125.0):
    - FlipperKit/Core
    - FlipperKit/FlipperKitHighlightOverlay
    - FlipperKit/FlipperKitLayoutHelpers
    - FlipperKit/FlipperKitLayoutIOSDescriptors
    - FlipperKit/FlipperKitLayoutTextSearchable
    - YogaKit (~> 1.18)
  - FlipperKit/FlipperKitLayoutTextSearchable (0.125.0)
  - FlipperKit/FlipperKitNetworkPlugin (0.125.0):
    - FlipperKit/Core
  - FlipperKit/FlipperKitReactPlugin (0.125.0):
    - FlipperKit/Core
  - FlipperKit/FlipperKitUserDefaultsPlugin (0.125.0):
    - FlipperKit/Core
  - FlipperKit/SKIOSNetworkPlugin (0.125.0):
    - FlipperKit/Core
    - FlipperKit/FlipperKitNetworkPlugin
  - fmt (6.2.1)
  - glog (0.3.5)
  - GoogleDataTransport (9.2.0):
    - GoogleUtilities/Environment (~> 7.7)
    - nanopb (< 2.30910.0, >= 2.30908.0)
    - PromisesObjC (< 3.0, >= 1.2)
  - GoogleUtilities/AppDelegateSwizzler (7.7.0):
    - GoogleUtilities/Environment
    - GoogleUtilities/Logger
    - GoogleUtilities/Network
  - GoogleUtilities/Environment (7.7.0):
    - PromisesObjC (< 3.0, >= 1.2)
  - GoogleUtilities/Logger (7.7.0):
    - GoogleUtilities/Environment
  - GoogleUtilities/Network (7.7.0):
    - GoogleUtilities/Logger
    - "GoogleUtilities/NSData+zlib"
    - GoogleUtilities/Reachability
  - "GoogleUtilities/NSData+zlib (7.7.0)"
  - GoogleUtilities/Reachability (7.7.0):
    - GoogleUtilities/Logger
  - GoogleUtilities/UserDefaults (7.7.0):
    - GoogleUtilities/Logger
  - libevent (2.1.12)
  - nanopb (2.30908.0):
    - nanopb/decode (= 2.30908.0)
    - nanopb/encode (= 2.30908.0)
  - nanopb/decode (2.30908.0)
  - nanopb/encode (2.30908.0)
  - OpenSSL-Universal (1.1.1100)
  - Permission-Camera (3.3.1):
    - RNPermissions
  - Permission-Microphone (3.3.1):
    - RNPermissions
  - PromisesObjC (2.1.1)
  - RCT-Folly (2021.06.28.00-v2):
    - boost
    - DoubleConversion
    - fmt (~> 6.2.1)
    - glog
    - RCT-Folly/Default (= 2021.06.28.00-v2)
  - RCT-Folly/Default (2021.06.28.00-v2):
    - boost
    - DoubleConversion
    - fmt (~> 6.2.1)
    - glog
  - RCTRequired (0.69.12)
  - RCTTypeSafety (0.69.12):
    - FBLazyVector (= 0.69.12)
    - RCTRequired (= 0.69.12)
    - React-Core (= 0.69.12)
  - React (0.69.12):
    - React-Core (= 0.69.12)
    - React-Core/DevSupport (= 0.69.12)
    - React-Core/RCTWebSocket (= 0.69.12)
    - React-RCTActionSheet (= 0.69.12)
    - React-RCTAnimation (= 0.69.12)
    - React-RCTBlob (= 0.69.12)
    - React-RCTImage (= 0.69.12)
    - React-RCTLinking (= 0.69.12)
    - React-RCTNetwork (= 0.69.12)
    - React-RCTSettings (= 0.69.12)
    - React-RCTText (= 0.69.12)
    - React-RCTVibration (= 0.69.12)
  - React-bridging (0.69.12):
    - RCT-Folly (= 2021.06.28.00-v2)
    - React-jsi (= 0.69.12)
  - React-callinvoker (0.69.12)
  - React-Codegen (0.69.12):
    - FBReactNativeSpec (= 0.69.12)
    - RCT-Folly (= 2021.06.28.00-v2)
    - RCTRequired (= 0.69.12)
    - RCTTypeSafety (= 0.69.12)
    - React-Core (= 0.69.12)
    - React-jsi (= 0.69.12)
    - React-jsiexecutor (= 0.69.12)
    - ReactCommon/turbomodule/core (= 0.69.12)
  - React-Core (0.69.12):
    - glog
    - RCT-Folly (= 2021.06.28.00-v2)
    - React-Core/Default (= 0.69.12)
    - React-cxxreact (= 0.69.12)
    - React-jsi (= 0.69.12)
    - React-jsiexecutor (= 0.69.12)
    - React-perflogger (= 0.69.12)
    - Yoga
  - React-Core/CoreModulesHeaders (0.69.12):
    - glog
    - RCT-Folly (= 2021.06.28.00-v2)
    - React-Core/Default
    - React-cxxreact (= 0.69.12)
    - React-jsi (= 0.69.12)
    - React-jsiexecutor (= 0.69.12)
    - React-perflogger (= 0.69.12)
    - Yoga
  - React-Core/Default (0.69.12):
    - glog
    - RCT-Folly (= 2021.06.28.00-v2)
    - React-cxxreact (= 0.69.12)
    - React-jsi (= 0.69.12)
    - React-jsiexecutor (= 0.69.12)
    - React-perflogger (= 0.69.12)
    - Yoga
  - React-Core/DevSupport (0.69.12):
    - glog
    - RCT-Folly (= 2021.06.28.00-v2)
    - React-Core/Default (= 0.69.12)
    - React-Core/RCTWebSocket (= 0.69.12)
    - React-cxxreact (= 0.69.12)
    - React-jsi (= 0.69.12)
    - React-jsiexecutor (= 0.69.12)
    - React-jsinspector (= 0.69.12)
    - React-perflogger (= 0.69.12)
    - Yoga
  - React-Core/RCTActionSheetHeaders (0.69.12):
    - glog
    - RCT-Folly (= 2021.06.28.00-v2)
    - React-Core/Default
    - React-cxxreact (= 0.69.12)
    - React-jsi (= 0.69.12)
    - React-jsiexecutor (= 0.69.12)
    - React-perflogger (= 0.69.12)
    - Yoga
  - React-Core/RCTAnimationHeaders (0.69.12):
    - glog
    - RCT-Folly (= 2021.06.28.00-v2)
    - React-Core/Default
    - React-cxxreact (= 0.69.12)
    - React-jsi (= 0.69.12)
    - React-jsiexecutor (= 0.69.12)
    - React-perflogger (= 0.69.12)
    - Yoga
  - React-Core/RCTBlobHeaders (0.69.12):
    - glog
    - RCT-Folly (= 2021.06.28.00-v2)
    - React-Core/Default
    - React-cxxreact (= 0.69.12)
    - React-jsi (= 0.69.12)
    - React-jsiexecutor (= 0.69.12)
    - React-perflogger (= 0.69.12)
    - Yoga
  - React-Core/RCTImageHeaders (0.69.12):
    - glog
    - RCT-Folly (= 2021.06.28.00-v2)
    - React-Core/Default
    - React-cxxreact (= 0.69.12)
    - React-jsi (= 0.69.12)
    - React-jsiexecutor (= 0.69.12)
    - React-perflogger (= 0.69.12)
    - Yoga
  - React-Core/RCTLinkingHeaders (0.69.12):
    - glog
    - RCT-Folly (= 2021.06.28.00-v2)
    - React-Core/Default
    - React-cxxreact (= 0.69.12)
    - React-jsi (= 0.69.12)
    - React-jsiexecutor (= 0.69.12)
    - React-perflogger (= 0.69.12)
    - Yoga
  - React-Core/RCTNetworkHeaders (0.69.12):
    - glog
    - RCT-Folly (= 2021.06.28.00-v2)
    - React-Core/Default
    - React-cxxreact (= 0.69.12)
    - React-jsi (= 0.69.12)
    - React-jsiexecutor (= 0.69.12)
    - React-perflogger (= 0.69.12)
    - Yoga
  - React-Core/RCTSettingsHeaders (0.69.12):
    - glog
    - RCT-Folly (= 2021.06.28.00-v2)
    - React-Core/Default
    - React-cxxreact (= 0.69.12)
    - React-jsi (= 0.69.12)
    - React-jsiexecutor (= 0.69.12)
    - React-perflogger (= 0.69.12)
    - Yoga
  - React-Core/RCTTextHeaders (0.69.12):
    - glog
    - RCT-Folly (= 2021.06.28.00-v2)
    - React-Core/Default
    - React-cxxreact (= 0.69.12)
    - React-jsi (= 0.69.12)
    - React-jsiexecutor (= 0.69.12)
    - React-perflogger (= 0.69.12)
    - Yoga
  - React-Core/RCTVibrationHeaders (0.69.12):
    - glog
    - RCT-Folly (= 2021.06.28.00-v2)
    - React-Core/Default
    - React-cxxreact (= 0.69.12)
    - React-jsi (= 0.69.12)
    - React-jsiexecutor (= 0.69.12)
    - React-perflogger (= 0.69.12)
    - Yoga
  - React-Core/RCTWebSocket (0.69.12):
    - glog
    - RCT-Folly (= 2021.06.28.00-v2)
    - React-Core/Default (= 0.69.12)
    - React-cxxreact (= 0.69.12)
    - React-jsi (= 0.69.12)
    - React-jsiexecutor (= 0.69.12)
    - React-perflogger (= 0.69.12)
    - Yoga
  - React-CoreModules (0.69.12):
    - RCT-Folly (= 2021.06.28.00-v2)
    - RCTTypeSafety (= 0.69.12)
    - React-Codegen (= 0.69.12)
    - React-Core/CoreModulesHeaders (= 0.69.12)
    - React-jsi (= 0.69.12)
    - React-RCTImage (= 0.69.12)
    - ReactCommon/turbomodule/core (= 0.69.12)
  - React-cxxreact (0.69.12):
    - boost (= 1.76.0)
    - DoubleConversion
    - glog
    - RCT-Folly (= 2021.06.28.00-v2)
    - React-callinvoker (= 0.69.12)
    - React-jsi (= 0.69.12)
    - React-jsinspector (= 0.69.12)
    - React-logger (= 0.69.12)
    - React-perflogger (= 0.69.12)
    - React-runtimeexecutor (= 0.69.12)
  - React-jsi (0.69.12):
    - boost (= 1.76.0)
    - DoubleConversion
    - glog
    - RCT-Folly (= 2021.06.28.00-v2)
    - React-jsi/Default (= 0.69.12)
  - React-jsi/Default (0.69.12):
    - boost (= 1.76.0)
    - DoubleConversion
    - glog
    - RCT-Folly (= 2021.06.28.00-v2)
  - React-jsiexecutor (0.69.12):
    - DoubleConversion
    - glog
    - RCT-Folly (= 2021.06.28.00-v2)
    - React-cxxreact (= 0.69.12)
    - React-jsi (= 0.69.12)
    - React-perflogger (= 0.69.12)
  - React-jsinspector (0.69.12)
  - React-logger (0.69.12):
    - glog
  - react-native-safe-area-context (4.3.1):
    - RCT-Folly
    - RCTRequired
    - RCTTypeSafety
    - React
    - ReactCommon/turbomodule/core
  - React-perflogger (0.69.12)
  - React-RCTActionSheet (0.69.12):
    - React-Core/RCTActionSheetHeaders (= 0.69.12)
  - React-RCTAnimation (0.69.12):
    - RCT-Folly (= 2021.06.28.00-v2)
    - RCTTypeSafety (= 0.69.12)
    - React-Codegen (= 0.69.12)
    - React-Core/RCTAnimationHeaders (= 0.69.12)
    - React-jsi (= 0.69.12)
    - ReactCommon/turbomodule/core (= 0.69.12)
  - React-RCTBlob (0.69.12):
    - RCT-Folly (= 2021.06.28.00-v2)
    - React-Codegen (= 0.69.12)
    - React-Core/RCTBlobHeaders (= 0.69.12)
    - React-Core/RCTWebSocket (= 0.69.12)
    - React-jsi (= 0.69.12)
    - React-RCTNetwork (= 0.69.12)
    - ReactCommon/turbomodule/core (= 0.69.12)
  - React-RCTImage (0.69.12):
    - RCT-Folly (= 2021.06.28.00-v2)
    - RCTTypeSafety (= 0.69.12)
    - React-Codegen (= 0.69.12)
    - React-Core/RCTImageHeaders (= 0.69.12)
    - React-jsi (= 0.69.12)
    - React-RCTNetwork (= 0.69.12)
    - ReactCommon/turbomodule/core (= 0.69.12)
  - React-RCTLinking (0.69.12):
    - React-Codegen (= 0.69.12)
    - React-Core/RCTLinkingHeaders (= 0.69.12)
    - React-jsi (= 0.69.12)
    - ReactCommon/turbomodule/core (= 0.69.12)
  - React-RCTNetwork (0.69.12):
    - RCT-Folly (= 2021.06.28.00-v2)
    - RCTTypeSafety (= 0.69.12)
    - React-Codegen (= 0.69.12)
    - React-Core/RCTNetworkHeaders (= 0.69.12)
    - React-jsi (= 0.69.12)
    - ReactCommon/turbomodule/core (= 0.69.12)
  - React-RCTSettings (0.69.12):
    - RCT-Folly (= 2021.06.28.00-v2)
    - RCTTypeSafety (= 0.69.12)
    - React-Codegen (= 0.69.12)
    - React-Core/RCTSettingsHeaders (= 0.69.12)
    - React-jsi (= 0.69.12)
    - ReactCommon/turbomodule/core (= 0.69.12)
  - React-RCTText (0.69.12):
    - React-Core/RCTTextHeaders (= 0.69.12)
  - React-RCTVibration (0.69.12):
    - RCT-Folly (= 2021.06.28.00-v2)
    - React-Codegen (= 0.69.12)
    - React-Core/RCTVibrationHeaders (= 0.69.12)
    - React-jsi (= 0.69.12)
    - ReactCommon/turbomodule/core (= 0.69.12)
  - React-runtimeexecutor (0.69.12):
    - React-jsi (= 0.69.12)
  - ReactCommon/turbomodule/core (0.69.12):
    - DoubleConversion
    - glog
    - RCT-Folly (= 2021.06.28.00-v2)
    - React-bridging (= 0.69.12)
    - React-callinvoker (= 0.69.12)
    - React-Core (= 0.69.12)
    - React-cxxreact (= 0.69.12)
    - React-jsi (= 0.69.12)
    - React-logger (= 0.69.12)
    - React-perflogger (= 0.69.12)
  - RNCallKeep (4.3.3):
    - React
  - RNCAsyncStorage (1.17.7):
    - React-Core
  - RNFBApp (15.0.0):
    - Firebase/CoreOnly (= 8.15.0)
    - React-Core
  - RNFBMessaging (15.0.0):
    - Firebase/Messaging (= 8.15.0)
    - React-Core
    - RNFBApp
  - RNNotifee (7.7.1):
    - React-Core
    - RNNotifee/NotifeeCore (= 7.7.1)
  - RNNotifee/NotifeeCore (7.7.1):
    - React-Core
  - RNPermissions (3.3.1):
    - React-Core
  - RNScreens (3.13.1):
    - React-Core
    - React-RCTImage
  - RNVoipPushNotification (3.3.0):
    - React-Core
  - sendbird-calls-react-native (1.0.2):
    - React-Core
    - SendBirdCalls (= 1.9.7)
  - SendBirdCalls (1.9.7):
    - SendBirdWebRTC (~> 1.6.0)
  - SendBirdWebRTC (1.6.1)
  - SocketRocket (0.6.0)
  - Yoga (1.14.0)
  - YogaKit (1.18.1):
    - Yoga (~> 1.14)

DEPENDENCIES:
  - boost (from `../node_modules/react-native/third-party-podspecs/boost.podspec`)
  - DoubleConversion (from `../node_modules/react-native/third-party-podspecs/DoubleConversion.podspec`)
  - FBLazyVector (from `../node_modules/react-native/Libraries/FBLazyVector`)
  - FBReactNativeSpec (from `../node_modules/react-native/React/FBReactNativeSpec`)
  - Flipper (= 0.125.0)
  - Flipper-Boost-iOSX (= 1.76.0.1.11)
  - Flipper-DoubleConversion (= 3.2.0.1)
  - Flipper-Fmt (= 7.1.7)
  - Flipper-Folly (= 2.6.10)
  - Flipper-Glog (= 0.5.0.5)
  - Flipper-PeerTalk (= 0.0.4)
  - Flipper-RSocket (= 1.4.3)
  - FlipperKit (= 0.125.0)
  - FlipperKit/Core (= 0.125.0)
  - FlipperKit/CppBridge (= 0.125.0)
  - FlipperKit/FBCxxFollyDynamicConvert (= 0.125.0)
  - FlipperKit/FBDefines (= 0.125.0)
  - FlipperKit/FKPortForwarding (= 0.125.0)
  - FlipperKit/FlipperKitHighlightOverlay (= 0.125.0)
  - FlipperKit/FlipperKitLayoutPlugin (= 0.125.0)
  - FlipperKit/FlipperKitLayoutTextSearchable (= 0.125.0)
  - FlipperKit/FlipperKitNetworkPlugin (= 0.125.0)
  - FlipperKit/FlipperKitReactPlugin (= 0.125.0)
  - FlipperKit/FlipperKitUserDefaultsPlugin (= 0.125.0)
  - FlipperKit/SKIOSNetworkPlugin (= 0.125.0)
  - glog (from `../node_modules/react-native/third-party-podspecs/glog.podspec`)
  - OpenSSL-Universal (= 1.1.1100)
  - Permission-Camera (from `../node_modules/react-native-permissions/ios/Camera`)
  - Permission-Microphone (from `../node_modules/react-native-permissions/ios/Microphone`)
  - RCT-Folly (from `../node_modules/react-native/third-party-podspecs/RCT-Folly.podspec`)
  - RCTRequired (from `../node_modules/react-native/Libraries/RCTRequired`)
  - RCTTypeSafety (from `../node_modules/react-native/Libraries/TypeSafety`)
  - React (from `../node_modules/react-native/`)
  - React-bridging (from `../node_modules/react-native/ReactCommon`)
  - React-callinvoker (from `../node_modules/react-native/ReactCommon/callinvoker`)
  - React-Codegen (from `build/generated/ios`)
  - React-Core (from `../node_modules/react-native/`)
  - React-Core/DevSupport (from `../node_modules/react-native/`)
  - React-Core/RCTWebSocket (from `../node_modules/react-native/`)
  - React-CoreModules (from `../node_modules/react-native/React/CoreModules`)
  - React-cxxreact (from `../node_modules/react-native/ReactCommon/cxxreact`)
  - React-jsi (from `../node_modules/react-native/ReactCommon/jsi`)
  - React-jsiexecutor (from `../node_modules/react-native/ReactCommon/jsiexecutor`)
  - React-jsinspector (from `../node_modules/react-native/ReactCommon/jsinspector`)
  - React-logger (from `../node_modules/react-native/ReactCommon/logger`)
  - react-native-safe-area-context (from `../node_modules/react-native-safe-area-context`)
  - React-perflogger (from `../node_modules/react-native/ReactCommon/reactperflogger`)
  - React-RCTActionSheet (from `../node_modules/react-native/Libraries/ActionSheetIOS`)
  - React-RCTAnimation (from `../node_modules/react-native/Libraries/NativeAnimation`)
  - React-RCTBlob (from `../node_modules/react-native/Libraries/Blob`)
  - React-RCTImage (from `../node_modules/react-native/Libraries/Image`)
  - React-RCTLinking (from `../node_modules/react-native/Libraries/LinkingIOS`)
  - React-RCTNetwork (from `../node_modules/react-native/Libraries/Network`)
  - React-RCTSettings (from `../node_modules/react-native/Libraries/Settings`)
  - React-RCTText (from `../node_modules/react-native/Libraries/Text`)
  - React-RCTVibration (from `../node_modules/react-native/Libraries/Vibration`)
  - React-runtimeexecutor (from `../node_modules/react-native/ReactCommon/runtimeexecutor`)
  - ReactCommon/turbomodule/core (from `../node_modules/react-native/ReactCommon`)
  - RNCallKeep (from `../node_modules/react-native-callkeep`)
  - "RNCAsyncStorage (from `../node_modules/@react-native-async-storage/async-storage`)"
  - "RNFBApp (from `../node_modules/@react-native-firebase/app`)"
  - "RNFBMessaging (from `../node_modules/@react-native-firebase/messaging`)"
  - "RNNotifee (from `../node_modules/@notifee/react-native`)"
  - RNPermissions (from `../node_modules/react-native-permissions`)
  - RNScreens (from `../node_modules/react-native-screens`)
  - RNVoipPushNotification (from `../node_modules/react-native-voip-push-notification`)
  - "sendbird-calls-react-native (from `../node_modules/@sendbird/calls-react-native`)"
  - Yoga (from `../node_modules/react-native/ReactCommon/yoga`)

SPEC REPOS:
  trunk:
    - CocoaAsyncSocket
    - Firebase
    - FirebaseCore
    - FirebaseCoreDiagnostics
    - FirebaseInstallations
    - FirebaseMessaging
    - Flipper
    - Flipper-Boost-iOSX
    - Flipper-DoubleConversion
    - Flipper-Fmt
    - Flipper-Folly
    - Flipper-Glog
    - Flipper-PeerTalk
    - Flipper-RSocket
    - FlipperKit
    - fmt
    - GoogleDataTransport
    - GoogleUtilities
    - libevent
    - nanopb
    - OpenSSL-Universal
    - PromisesObjC
    - SendBirdCalls
    - SendBirdWebRTC
    - SocketRocket
    - YogaKit

EXTERNAL SOURCES:
  boost:
    :podspec: "../node_modules/react-native/third-party-podspecs/boost.podspec"
  DoubleConversion:
    :podspec: "../node_modules/react-native/third-party-podspecs/DoubleConversion.podspec"
  FBLazyVector:
    :path: "../node_modules/react-native/Libraries/FBLazyVector"
  FBReactNativeSpec:
    :path: "../node_modules/react-native/React/FBReactNativeSpec"
  glog:
    :podspec: "../node_modules/react-native/third-party-podspecs/glog.podspec"
  Permission-Camera:
    :path: "../node_modules/react-native-permissions/ios/Camera"
  Permission-Microphone:
    :path: "../node_modules/react-native-permissions/ios/Microphone"
  RCT-Folly:
    :podspec: "../node_modules/react-native/third-party-podspecs/RCT-Folly.podspec"
  RCTRequired:
    :path: "../node_modules/react-native/Libraries/RCTRequired"
  RCTTypeSafety:
    :path: "../node_modules/react-native/Libraries/TypeSafety"
  React:
    :path: "../node_modules/react-native/"
  React-bridging:
    :path: "../node_modules/react-native/ReactCommon"
  React-callinvoker:
    :path: "../node_modules/react-native/ReactCommon/callinvoker"
  React-Codegen:
    :path: build/generated/ios
  React-Core:
    :path: "../node_modules/react-native/"
  React-CoreModules:
    :path: "../node_modules/react-native/React/CoreModules"
  React-cxxreact:
    :path: "../node_modules/react-native/ReactCommon/cxxreact"
  React-jsi:
    :path: "../node_modules/react-native/ReactCommon/jsi"
  React-jsiexecutor:
    :path: "../node_modules/react-native/ReactCommon/jsiexecutor"
  React-jsinspector:
    :path: "../node_modules/react-native/ReactCommon/jsinspector"
  React-logger:
    :path: "../node_modules/react-native/ReactCommon/logger"
  react-native-safe-area-context:
    :path: "../node_modules/react-native-safe-area-context"
  React-perflogger:
    :path: "../node_modules/react-native/ReactCommon/reactperflogger"
  React-RCTActionSheet:
    :path: "../node_modules/react-native/Libraries/ActionSheetIOS"
  React-RCTAnimation:
    :path: "../node_modules/react-native/Libraries/NativeAnimation"
  React-RCTBlob:
    :path: "../node_modules/react-native/Libraries/Blob"
  React-RCTImage:
    :path: "../node_modules/react-native/Libraries/Image"
  React-RCTLinking:
    :path: "../node_modules/react-native/Libraries/LinkingIOS"
  React-RCTNetwork:
    :path: "../node_modules/react-native/Libraries/Network"
  React-RCTSettings:
    :path: "../node_modules/react-native/Libraries/Settings"
  React-RCTText:
    :path: "../node_modules/react-native/Libraries/Text"
  React-RCTVibration:
    :path: "../node_modules/react-native/Libraries/Vibration"
  React-runtimeexecutor:
    :path: "../node_modules/react-native/ReactCommon/runtimeexecutor"
  ReactCommon:
    :path: "../node_modules/react-native/ReactCommon"
  RNCallKeep:
    :path: "../node_modules/react-native-callkeep"
  RNCAsyncStorage:
    :path: "../node_modules/@react-native-async-storage/async-storage"
  RNFBApp:
    :path: "../node_modules/@react-native-firebase/app"
  RNFBMessaging:
    :path: "../node_modules/@react-native-firebase/messaging"
  RNNotifee:
    :path: "../node_modules/@notifee/react-native"
  RNPermissions:
    :path: "../node_modules/react-native-permissions"
  RNScreens:
    :path: "../node_modules/react-native-screens"
  RNVoipPushNotification:
    :path: "../node_modules/react-native-voip-push-notification"
  sendbird-calls-react-native:
    :path: "../node_modules/@sendbird/calls-react-native"
  Yoga:
    :path: "../node_modules/react-native/ReactCommon/yoga"

SPEC CHECKSUMS:
  boost: a7c83b31436843459a1961bfd74b96033dc77234
  CocoaAsyncSocket: 065fd1e645c7abab64f7a6a2007a48038fdc6a99
  DoubleConversion: 5189b271737e1565bdce30deb4a08d647e3f5f54
  FBLazyVector: 6fab494fa11340bd4206edaebed07279a6bafad4
  FBReactNativeSpec: 76d7b03876b0ad0b86bc5c84d23af8e64db8e096
  Firebase: 5f8193dff4b5b7c5d5ef72ae54bb76c08e2b841d
  FirebaseCore: 5743c5785c074a794d35f2fff7ecc254a91e08b1
  FirebaseCoreDiagnostics: 92e07a649aeb66352b319d43bdd2ee3942af84cb
  FirebaseInstallations: 40bd9054049b2eae9a2c38ef1c3dd213df3605cd
  FirebaseMessaging: 5e5118a2383b3531e730d974680954c679ca0a13
  Flipper: 26fc4b7382499f1281eb8cb921e5c3ad6de91fe0
  Flipper-Boost-iOSX: fd1e2b8cbef7e662a122412d7ac5f5bea715403c
  Flipper-DoubleConversion: 2dc99b02f658daf147069aad9dbd29d8feb06d30
  Flipper-Fmt: 60cbdd92fc254826e61d669a5d87ef7015396a9b
  Flipper-Folly: 584845625005ff068a6ebf41f857f468decd26b3
  Flipper-Glog: 70c50ce58ddaf67dc35180db05f191692570f446
  Flipper-PeerTalk: 116d8f857dc6ef55c7a5a75ea3ceaafe878aadc9
  Flipper-RSocket: d9d9ade67cbecf6ac10730304bf5607266dd2541
  FlipperKit: cbdee19bdd4e7f05472a66ce290f1b729ba3cb86
  fmt: ff9d55029c625d3757ed641535fd4a75fedc7ce9
  glog: 3d02b25ca00c2d456734d0bcff864cbc62f6ae1a
  GoogleDataTransport: 1c8145da7117bd68bbbed00cf304edb6a24de00f
  GoogleUtilities: e0913149f6b0625b553d70dae12b49fc62914fd1
  libevent: 4049cae6c81cdb3654a443be001fb9bdceff7913
  nanopb: a0ba3315591a9ae0a16a309ee504766e90db0c96
  OpenSSL-Universal: ebc357f1e6bc71fa463ccb2fe676756aff50e88c
  Permission-Camera: bae27a8503530770c35aadfecbb97ec71823382a
  Permission-Microphone: 13922195a81b9d46d2df8050c225006eae126d49
  PromisesObjC: ab77feca74fa2823e7af4249b8326368e61014cb
  RCT-Folly: 4d8508a426467c48885f1151029bc15fa5d7b3b8
  RCTRequired: b9e53f0512019150020156fa0dacd6583ab838be
  RCTTypeSafety: 04b72202bef8302802610dee70bb9407a245b64c
  React: 59288a7ca8104eb8002f01378606fe42eeabf4b5
  React-bridging: b042b8c217f04e568409786de5f221793be49c31
  React-callinvoker: c7b83d582112e2d5a049dc46abf4c64d871b5c45
  React-Codegen: 5747238d0446e3ab1deb967e749a2bfde6a5c866
  React-Core: d8e1250039d47112513757038d9d9f9b638565c6
  React-CoreModules: 63cceb0040ec2b43a258113193be91f934b37f1b
  React-cxxreact: 429404aac55d8bffca77328002452fc7fa8b29e8
  React-jsi: a8f60feb519ac00085eb9a39d20eaa65c96b51ea
  React-jsiexecutor: ce0b9aa647bdf94126eb2ee1f235d329eb8c0aec
  React-jsinspector: f275698149311abc8c32ebb97797d6b97c44adde
  React-logger: da69d7f1c9501c78cd60776d52a60d7fa5e4d9c2
  react-native-safe-area-context: 6c12e3859b6f27b25de4fee8201cfb858432d8de
  React-perflogger: 5ade0a1627352f1647d283e78331819bb46cceae
  React-RCTActionSheet: 8e94f1e46e09c7035b81fe56c0ed8d78f3ccd340
  React-RCTAnimation: bf2af72f03cf16528db9a830be69fa04b341a1b7
  React-RCTBlob: 4d076b8bb55e631ad1280280ecba674fb1e46d16
  React-RCTImage: 073dcc1689466851fe120c7f8a3cfe3db0196c9f
  React-RCTLinking: 8872818dc894a17bf17cb4b120f76917bf2e9f0a
  React-RCTNetwork: 1e9c873f4a210784a4fb752194cb595502112464
  React-RCTSettings: 1475a717c54f4a9ed627dffffad2470c4b15a419
  React-RCTText: ed34088172126f84130eea859d62fedca0dd7975
  React-RCTVibration: c9cd9f21bbcb3b9c6deedbb66f13e373f57dd795
  React-runtimeexecutor: ea78653fbc68bd6f2d3f5e7e311bc5a9dc8bfeca
  ReactCommon: f4bb9e5209ea5c3c6ab25e100895119e58d6e50a
  RNCallKeep: 0654c8913d1bd24a3441c588b22503828793ad63
  RNCAsyncStorage: d81ee5c3db1060afd49ea7045ad460eff82d2b7d
  RNFBApp: 720de533114192b3101b6aada135582b8494f5c4
  RNFBMessaging: 7b835684123448cc6db845402ad6ee7acac958c7
  RNNotifee: 05692d7bb42b6c718a3906aeb8431c48ff2e8097
  RNPermissions: 34d678157c800b25b22a488e4d8babb57456e796
  RNScreens: 40a2cb40a02a609938137a1e0acfbf8fc9eebf19
  RNVoipPushNotification: 14bb5a389588ea1cbee4706a55df99950687fd6d
  sendbird-calls-react-native: 3ca4129c80da0c92a4481155aef42af0b9f5e9b3
  SendBirdCalls: 738efdd2a21e3ff0cf058477f1c612d59cd73510
  SendBirdWebRTC: d848df17569ecb607d0c5503b726bae3ce3dcf68
  SocketRocket: fccef3f9c5cedea1353a9ef6ada904fde10d6608
  Yoga: 8a90b50af67eaa9fe94fd03e550bfeab06096873
  YogaKit: f782866e155069a2cca2517aafea43200b01fd5a

PODFILE CHECKSUM: bc1305dbe479af2c890c8b87ee9067d9af1e693f

COCOAPODS: 1.12.0
